
Microsoft Visual Studio Solution File, Format Version 12.00
# Visual Studio 14
VisualStudioVersion = 14.0.23023.0
MinimumVisualStudioVersion = 10.0.40219.1
Project("{FAE04EC0-301F-11D3-BF4B-00C04F79EFBC}") = "MinimumAsyncBridge", "MinimumAsyncBridge\MinimumAsyncBridge.csproj", "{1F45E6F4-9601-4385-B96B-0A3A11C33A17}"
EndProject
Project("{FAE04EC0-301F-11D3-BF4B-00C04F79EFBC}") = "IteratorTasks.AsyncBridge", "IteratorTasks.AsyncBridge\IteratorTasks.AsyncBridge.csproj", "{54B02423-C00F-405F-9A33-46FC0C990210}"
EndProject
Project("{FAE04EC0-301F-11D3-BF4B-00C04F79EFBC}") = "UniRx.AsyncBridge", "UniRx.AsyncBridge\UniRx.AsyncBridge.csproj", "{DD1B6107-A6A5-4BF8-B525-06FC7017CDD1}"
EndProject
Project("{FAE04EC0-301F-11D3-BF4B-00C04F79EFBC}") = "SampleConsoleApp", "SampleConsoleApp\SampleConsoleApp.csproj", "{E9EDB7CE-000D-41CC-8945-27748E3AF876}"
EndProject
Project("{FAE04EC0-301F-11D3-BF4B-00C04F79EFBC}") = "SampleModels", "SampleModels\SampleModels.csproj", "{D5B9CC58-3F63-41E8-A27F-85707EE16B5D}"
EndProject
Project("{FAE04EC0-301F-11D3-BF4B-00C04F79EFBC}") = "MinimumAsyncBridge.V45", "MinimumAsyncBridge.V4\MinimumAsyncBridge.V45.csproj", "{1D1DF845-CDB9-47AD-9595-E23CAC84CF65}"
EndProject
Project("{2150E333-8FDC-42A3-9474-1A3956D46DE8}") = "Minimum", "Minimum", "{4C31421B-5AE2-4379-BF9F-D2DD0BE0A433}"
EndProject
Project("{2150E333-8FDC-42A3-9474-1A3956D46DE8}") = "Samples", "Samples", "{15D410C1-5A16-46C9-BDBA-A4386534C76E}"
EndProject
Project("{2150E333-8FDC-42A3-9474-1A3956D46DE8}") = "Specific", "Specific", "{5DCEE99A-47CD-45AB-89E4-F64EF983766F}"
EndProject
Project("{2150E333-8FDC-42A3-9474-1A3956D46DE8}") = "Versioning", "Versioning", "{5E3405CC-A300-4817-BECA-75CD37B21FF0}"
EndProject
Project("{FAE04EC0-301F-11D3-BF4B-00C04F79EFBC}") = "Sample35", "Sample35\Sample35.csproj", "{5A26D71A-4249-43C8-801A-AB1C53AFE8E9}"
EndProject
Project("{FAE04EC0-301F-11D3-BF4B-00C04F79EFBC}") = "Sample45", "Sample45\Sample45.csproj", "{C8AD18C5-6831-4568-A01B-8E7344739931}"
EndProject
Project("{FAE04EC0-301F-11D3-BF4B-00C04F79EFBC}") = "VersioningSample", "VersioningSample\VersioningSample.csproj", "{52B7B891-BEDC-4F0B-8A13-272A4EACAC2D}"
EndProject
Global
	GlobalSection(SolutionConfigurationPlatforms) = preSolution
		Debug|Any CPU = Debug|Any CPU
		Release|Any CPU = Release|Any CPU
	EndGlobalSection
	GlobalSection(ProjectConfigurationPlatforms) = postSolution
		{1F45E6F4-9601-4385-B96B-0A3A11C33A17}.Debug|Any CPU.ActiveCfg = Debug|Any CPU
		{1F45E6F4-9601-4385-B96B-0A3A11C33A17}.Debug|Any CPU.Build.0 = Debug|Any CPU
		{1F45E6F4-9601-4385-B96B-0A3A11C33A17}.Release|Any CPU.ActiveCfg = Release|Any CPU
		{1F45E6F4-9601-4385-B96B-0A3A11C33A17}.Release|Any CPU.Build.0 = Release|Any CPU
		{54B02423-C00F-405F-9A33-46FC0C990210}.Debug|Any CPU.ActiveCfg = Debug|Any CPU
		{54B02423-C00F-405F-9A33-46FC0C990210}.Debug|Any CPU.Build.0 = Debug|Any CPU
		{54B02423-C00F-405F-9A33-46FC0C990210}.Release|Any CPU.ActiveCfg = Release|Any CPU
		{54B02423-C00F-405F-9A33-46FC0C990210}.Release|Any CPU.Build.0 = Release|Any CPU
		{DD1B6107-A6A5-4BF8-B525-06FC7017CDD1}.Debug|Any CPU.ActiveCfg = Debug|Any CPU
		{DD1B6107-A6A5-4BF8-B525-06FC7017CDD1}.Debug|Any CPU.Build.0 = Debug|Any CPU
		{DD1B6107-A6A5-4BF8-B525-06FC7017CDD1}.Release|Any CPU.ActiveCfg = Release|Any CPU
		{DD1B6107-A6A5-4BF8-B525-06FC7017CDD1}.Release|Any CPU.Build.0 = Release|Any CPU
		{E9EDB7CE-000D-41CC-8945-27748E3AF876}.Debug|Any CPU.ActiveCfg = Debug|Any CPU
		{E9EDB7CE-000D-41CC-8945-27748E3AF876}.Debug|Any CPU.Build.0 = Debug|Any CPU
		{E9EDB7CE-000D-41CC-8945-27748E3AF876}.Release|Any CPU.ActiveCfg = Release|Any CPU
		{E9EDB7CE-000D-41CC-8945-27748E3AF876}.Release|Any CPU.Build.0 = Release|Any CPU
		{D5B9CC58-3F63-41E8-A27F-85707EE16B5D}.Debug|Any CPU.ActiveCfg = Debug|Any CPU
		{D5B9CC58-3F63-41E8-A27F-85707EE16B5D}.Debug|Any CPU.Build.0 = Debug|Any CPU
		{D5B9CC58-3F63-41E8-A27F-85707EE16B5D}.Release|Any CPU.ActiveCfg = Release|Any CPU
		{D5B9CC58-3F63-41E8-A27F-85707EE16B5D}.Release|Any CPU.Build.0 = Release|Any CPU
		{1D1DF845-CDB9-47AD-9595-E23CAC84CF65}.Debug|Any CPU.ActiveCfg = Debug|Any CPU
		{1D1DF845-CDB9-47AD-9595-E23CAC84CF65}.Debug|Any CPU.Build.0 = Debug|Any CPU
		{1D1DF845-CDB9-47AD-9595-E23CAC84CF65}.Release|Any CPU.ActiveCfg = Release|Any CPU
		{1D1DF845-CDB9-47AD-9595-E23CAC84CF65}.Release|Any CPU.Build.0 = Release|Any CPU
		{5A26D71A-4249-43C8-801A-AB1C53AFE8E9}.Debug|Any CPU.ActiveCfg = Debug|Any CPU
		{5A26D71A-4249-43C8-801A-AB1C53AFE8E9}.Debug|Any CPU.Build.0 = Debug|Any CPU
		{5A26D71A-4249-43C8-801A-AB1C53AFE8E9}.Release|Any CPU.ActiveCfg = Release|Any CPU
		{5A26D71A-4249-43C8-801A-AB1C53AFE8E9}.Release|Any CPU.Build.0 = Release|Any CPU
		{C8AD18C5-6831-4568-A01B-8E7344739931}.Debug|Any CPU.ActiveCfg = Debug|Any CPU
		{C8AD18C5-6831-4568-A01B-8E7344739931}.Debug|Any CPU.Build.0 = Debug|Any CPU
		{C8AD18C5-6831-4568-A01B-8E7344739931}.Release|Any CPU.ActiveCfg = Release|Any CPU
		{C8AD18C5-6831-4568-A01B-8E7344739931}.Release|Any CPU.Build.0 = Release|Any CPU
		{52B7B891-BEDC-4F0B-8A13-272A4EACAC2D}.Debug|Any CPU.ActiveCfg = Debug|Any CPU
		{52B7B891-BEDC-4F0B-8A13-272A4EACAC2D}.Debug|Any CPU.Build.0 = Debug|Any CPU
		{52B7B891-BEDC-4F0B-8A13-272A4EACAC2D}.Release|Any CPU.ActiveCfg = Release|Any CPU
		{52B7B891-BEDC-4F0B-8A13-272A4EACAC2D}.Release|Any CPU.Build.0 = Release|Any CPU
	EndGlobalSection
	GlobalSection(SolutionProperties) = preSolution
		HideSolutionNode = FALSE
	EndGlobalSection
	GlobalSection(NestedProjects) = preSolution
		{1F45E6F4-9601-4385-B96B-0A3A11C33A17} = {4C31421B-5AE2-4379-BF9F-D2DD0BE0A433}
		{54B02423-C00F-405F-9A33-46FC0C990210} = {5DCEE99A-47CD-45AB-89E4-F64EF983766F}
		{DD1B6107-A6A5-4BF8-B525-06FC7017CDD1} = {5DCEE99A-47CD-45AB-89E4-F64EF983766F}
		{E9EDB7CE-000D-41CC-8945-27748E3AF876} = {15D410C1-5A16-46C9-BDBA-A4386534C76E}
		{D5B9CC58-3F63-41E8-A27F-85707EE16B5D} = {15D410C1-5A16-46C9-BDBA-A4386534C76E}
		{1D1DF845-CDB9-47AD-9595-E23CAC84CF65} = {4C31421B-5AE2-4379-BF9F-D2DD0BE0A433}
		{5E3405CC-A300-4817-BECA-75CD37B21FF0} = {15D410C1-5A16-46C9-BDBA-A4386534C76E}
		{5A26D71A-4249-43C8-801A-AB1C53AFE8E9} = {5E3405CC-A300-4817-BECA-75CD37B21FF0}
		{C8AD18C5-6831-4568-A01B-8E7344739931} = {5E3405CC-A300-4817-BECA-75CD37B21FF0}
		{52B7B891-BEDC-4F0B-8A13-272A4EACAC2D} = {5E3405CC-A300-4817-BECA-75CD37B21FF0}
	EndGlobalSection
EndGlobal
