
Microsoft Visual Studio Solution File, Format Version 12.00
# Visual Studio 15
VisualStudioVersion = 15.0.26228.4
MinimumVisualStudioVersion = 10.0.40219.1
Project("{2150E333-8FDC-42A3-9474-1A3956D46DE8}") = "MinimumAsync", "MinimumAsync", "{4C31421B-5AE2-4379-BF9F-D2DD0BE0A433}"
EndProject
Project("{2150E333-8FDC-42A3-9474-1A3956D46DE8}") = "Specific", "Specific", "{5DCEE99A-47CD-45AB-89E4-F64EF983766F}"
EndProject
Project("{2150E333-8FDC-42A3-9474-1A3956D46DE8}") = "MinimumThreading", "MinimumThreading", "{EF5D7CBB-484D-4BF5-BD00-5AF676D69BDC}"
EndProject
Project("{2150E333-8FDC-42A3-9474-1A3956D46DE8}") = "Mvvm", "Mvvm", "{E9F8735E-9B83-493B-AC38-2BA84210B4C7}"
EndProject
Project("{2150E333-8FDC-42A3-9474-1A3956D46DE8}") = "Tests", "Tests", "{9BF2B5A2-92B0-41D6-BE96-98A6C6F79DF1}"
EndProject
Project("{2150E333-8FDC-42A3-9474-1A3956D46DE8}") = "Src", "Src", "{A9CC30FD-4725-4574-AFA4-F5756F65C473}"
EndProject
Project("{FAE04EC0-301F-11D3-BF4B-00C04F79EFBC}") = "MinimumThreadingBridge", "MinimumThreading\MinimumThreadingBridge\MinimumThreadingBridge.csproj", "{C92C4E09-80E8-4B71-B7C9-918999C1D3E7}"
EndProject
Project("{FAE04EC0-301F-11D3-BF4B-00C04F79EFBC}") = "MinimumThreadingBridge.V45", "MinimumThreading\MinimumThreadingBridge.V45\MinimumThreadingBridge.V45.csproj", "{D121CF4C-41C3-405B-96D1-89424A19575F}"
EndProject
Project("{FAE04EC0-301F-11D3-BF4B-00C04F79EFBC}") = "MinimumAsyncBridge", "MinimumAsync\MinimumAsyncBridge\MinimumAsyncBridge.csproj", "{1F45E6F4-9601-4385-B96B-0A3A11C33A17}"
EndProject
Project("{FAE04EC0-301F-11D3-BF4B-00C04F79EFBC}") = "MinimumAsyncBridge.V45", "MinimumAsync\MinimumAsyncBridge.V4\MinimumAsyncBridge.V45.csproj", "{1D1DF845-CDB9-47AD-9595-E23CAC84CF65}"
EndProject
Project("{FAE04EC0-301F-11D3-BF4B-00C04F79EFBC}") = "MvvmBridge", "Mvvm\MvvmBridge\MvvmBridge.csproj", "{3C19896F-0AE7-4C4E-830C-BF21B907A5A1}"
EndProject
Project("{FAE04EC0-301F-11D3-BF4B-00C04F79EFBC}") = "MvvmBridge.TypeForward", "Mvvm\MvvmBridge.TypeForward\MvvmBridge.TypeForward.csproj", "{A810D0EC-9006-45B5-8161-A093FF3B8564}"
EndProject
Project("{FAE04EC0-301F-11D3-BF4B-00C04F79EFBC}") = "IteratorTasks.AsyncBridge", "Specific\IteratorTasks.AsyncBridge\IteratorTasks.AsyncBridge.csproj", "{54B02423-C00F-405F-9A33-46FC0C990210}"
EndProject
Project("{FAE04EC0-301F-11D3-BF4B-00C04F79EFBC}") = "UniRx.AsyncBridge", "Specific\UniRx.AsyncBridge\UniRx.AsyncBridge.csproj", "{DD1B6107-A6A5-4BF8-B525-06FC7017CDD1}"
EndProject
Project("{FAE04EC0-301F-11D3-BF4B-00C04F79EFBC}") = "MinimuAsyncBridgeUnitTest", "Tests\MinimuAsyncBridgeUnitTest\MinimuAsyncBridgeUnitTest.csproj", "{168281F0-F487-4D7B-B9F1-0CF1A58A7F85}"
EndProject
Project("{FAE04EC0-301F-11D3-BF4B-00C04F79EFBC}") = "MinimuAsyncBridgeUnitTest.V45", "Tests\MinimuAsyncBridgeUnitTest.V45\MinimuAsyncBridgeUnitTest.V45.csproj", "{1E5706E8-B89D-4969-B298-FD4659B67E5D}"
EndProject
Project("{2150E333-8FDC-42A3-9474-1A3956D46DE8}") = "ValueTuple", "ValueTuple", "{94CD3632-9B54-44D6-881D-D2069AAE907B}"
EndProject
Global
	GlobalSection(SolutionConfigurationPlatforms) = preSolution
		Debug|Any CPU = Debug|Any CPU
		Release|Any CPU = Release|Any CPU
	EndGlobalSection
	GlobalSection(ProjectConfigurationPlatforms) = postSolution
		{C92C4E09-80E8-4B71-B7C9-918999C1D3E7}.Debug|Any CPU.ActiveCfg = Debug|Any CPU
		{C92C4E09-80E8-4B71-B7C9-918999C1D3E7}.Debug|Any CPU.Build.0 = Debug|Any CPU
		{C92C4E09-80E8-4B71-B7C9-918999C1D3E7}.Release|Any CPU.ActiveCfg = Release|Any CPU
		{C92C4E09-80E8-4B71-B7C9-918999C1D3E7}.Release|Any CPU.Build.0 = Release|Any CPU
		{D121CF4C-41C3-405B-96D1-89424A19575F}.Debug|Any CPU.ActiveCfg = Debug|Any CPU
		{D121CF4C-41C3-405B-96D1-89424A19575F}.Debug|Any CPU.Build.0 = Debug|Any CPU
		{D121CF4C-41C3-405B-96D1-89424A19575F}.Release|Any CPU.ActiveCfg = Release|Any CPU
		{D121CF4C-41C3-405B-96D1-89424A19575F}.Release|Any CPU.Build.0 = Release|Any CPU
		{1F45E6F4-9601-4385-B96B-0A3A11C33A17}.Debug|Any CPU.ActiveCfg = Debug|Any CPU
		{1F45E6F4-9601-4385-B96B-0A3A11C33A17}.Debug|Any CPU.Build.0 = Debug|Any CPU
		{1F45E6F4-9601-4385-B96B-0A3A11C33A17}.Release|Any CPU.ActiveCfg = Release|Any CPU
		{1F45E6F4-9601-4385-B96B-0A3A11C33A17}.Release|Any CPU.Build.0 = Release|Any CPU
		{1D1DF845-CDB9-47AD-9595-E23CAC84CF65}.Debug|Any CPU.ActiveCfg = Debug|Any CPU
		{1D1DF845-CDB9-47AD-9595-E23CAC84CF65}.Debug|Any CPU.Build.0 = Debug|Any CPU
		{1D1DF845-CDB9-47AD-9595-E23CAC84CF65}.Release|Any CPU.ActiveCfg = Release|Any CPU
		{1D1DF845-CDB9-47AD-9595-E23CAC84CF65}.Release|Any CPU.Build.0 = Release|Any CPU
		{3C19896F-0AE7-4C4E-830C-BF21B907A5A1}.Debug|Any CPU.ActiveCfg = Debug|Any CPU
		{3C19896F-0AE7-4C4E-830C-BF21B907A5A1}.Debug|Any CPU.Build.0 = Debug|Any CPU
		{3C19896F-0AE7-4C4E-830C-BF21B907A5A1}.Release|Any CPU.ActiveCfg = Release|Any CPU
		{3C19896F-0AE7-4C4E-830C-BF21B907A5A1}.Release|Any CPU.Build.0 = Release|Any CPU
		{A810D0EC-9006-45B5-8161-A093FF3B8564}.Debug|Any CPU.ActiveCfg = Debug|Any CPU
		{A810D0EC-9006-45B5-8161-A093FF3B8564}.Debug|Any CPU.Build.0 = Debug|Any CPU
		{A810D0EC-9006-45B5-8161-A093FF3B8564}.Release|Any CPU.ActiveCfg = Release|Any CPU
		{A810D0EC-9006-45B5-8161-A093FF3B8564}.Release|Any CPU.Build.0 = Release|Any CPU
		{54B02423-C00F-405F-9A33-46FC0C990210}.Debug|Any CPU.ActiveCfg = Debug|Any CPU
		{54B02423-C00F-405F-9A33-46FC0C990210}.Debug|Any CPU.Build.0 = Debug|Any CPU
		{54B02423-C00F-405F-9A33-46FC0C990210}.Release|Any CPU.ActiveCfg = Release|Any CPU
		{54B02423-C00F-405F-9A33-46FC0C990210}.Release|Any CPU.Build.0 = Release|Any CPU
		{DD1B6107-A6A5-4BF8-B525-06FC7017CDD1}.Debug|Any CPU.ActiveCfg = Debug|Any CPU
		{DD1B6107-A6A5-4BF8-B525-06FC7017CDD1}.Debug|Any CPU.Build.0 = Debug|Any CPU
		{DD1B6107-A6A5-4BF8-B525-06FC7017CDD1}.Release|Any CPU.ActiveCfg = Release|Any CPU
		{DD1B6107-A6A5-4BF8-B525-06FC7017CDD1}.Release|Any CPU.Build.0 = Release|Any CPU
		{168281F0-F487-4D7B-B9F1-0CF1A58A7F85}.Debug|Any CPU.ActiveCfg = Debug|Any CPU
		{168281F0-F487-4D7B-B9F1-0CF1A58A7F85}.Debug|Any CPU.Build.0 = Debug|Any CPU
		{168281F0-F487-4D7B-B9F1-0CF1A58A7F85}.Release|Any CPU.ActiveCfg = Release|Any CPU
		{168281F0-F487-4D7B-B9F1-0CF1A58A7F85}.Release|Any CPU.Build.0 = Release|Any CPU
		{1E5706E8-B89D-4969-B298-FD4659B67E5D}.Debug|Any CPU.ActiveCfg = Debug|Any CPU
		{1E5706E8-B89D-4969-B298-FD4659B67E5D}.Debug|Any CPU.Build.0 = Debug|Any CPU
		{1E5706E8-B89D-4969-B298-FD4659B67E5D}.Release|Any CPU.ActiveCfg = Release|Any CPU
		{1E5706E8-B89D-4969-B298-FD4659B67E5D}.Release|Any CPU.Build.0 = Release|Any CPU
	EndGlobalSection
	GlobalSection(SolutionProperties) = preSolution
		HideSolutionNode = FALSE
	EndGlobalSection
	GlobalSection(NestedProjects) = preSolution
		{4C31421B-5AE2-4379-BF9F-D2DD0BE0A433} = {A9CC30FD-4725-4574-AFA4-F5756F65C473}
		{5DCEE99A-47CD-45AB-89E4-F64EF983766F} = {A9CC30FD-4725-4574-AFA4-F5756F65C473}
		{EF5D7CBB-484D-4BF5-BD00-5AF676D69BDC} = {A9CC30FD-4725-4574-AFA4-F5756F65C473}
		{E9F8735E-9B83-493B-AC38-2BA84210B4C7} = {A9CC30FD-4725-4574-AFA4-F5756F65C473}
		{C92C4E09-80E8-4B71-B7C9-918999C1D3E7} = {EF5D7CBB-484D-4BF5-BD00-5AF676D69BDC}
		{D121CF4C-41C3-405B-96D1-89424A19575F} = {EF5D7CBB-484D-4BF5-BD00-5AF676D69BDC}
		{1F45E6F4-9601-4385-B96B-0A3A11C33A17} = {4C31421B-5AE2-4379-BF9F-D2DD0BE0A433}
		{1D1DF845-CDB9-47AD-9595-E23CAC84CF65} = {4C31421B-5AE2-4379-BF9F-D2DD0BE0A433}
		{3C19896F-0AE7-4C4E-830C-BF21B907A5A1} = {E9F8735E-9B83-493B-AC38-2BA84210B4C7}
		{A810D0EC-9006-45B5-8161-A093FF3B8564} = {E9F8735E-9B83-493B-AC38-2BA84210B4C7}
		{54B02423-C00F-405F-9A33-46FC0C990210} = {5DCEE99A-47CD-45AB-89E4-F64EF983766F}
		{DD1B6107-A6A5-4BF8-B525-06FC7017CDD1} = {5DCEE99A-47CD-45AB-89E4-F64EF983766F}
		{168281F0-F487-4D7B-B9F1-0CF1A58A7F85} = {9BF2B5A2-92B0-41D6-BE96-98A6C6F79DF1}
		{1E5706E8-B89D-4969-B298-FD4659B67E5D} = {9BF2B5A2-92B0-41D6-BE96-98A6C6F79DF1}
		{94CD3632-9B54-44D6-881D-D2069AAE907B} = {A9CC30FD-4725-4574-AFA4-F5756F65C473}
	EndGlobalSection
EndGlobal
